// !$*UTF8*$!
{
	archiveVersion = 1;
	classes = {
	};
	objectVersion = 50;
	objects = {

/* Begin PBXBuildFile section */
		BB11D8952472CC8500D7F75A /* Models.swift in Sources */ = {isa = PBXBuildFile; fileRef = BB11D8942472CC8500D7F75A /* Models.swift */; };
		BB3036852478593A001F8A21 /* Sheikh.swift in Sources */ = {isa = PBXBuildFile; fileRef = BB3036842478593A001F8A21 /* Sheikh.swift */; };
		BB30369D24787ECA001F8A21 /* Playsound.swift in Sources */ = {isa = PBXBuildFile; fileRef = BB30369C24787ECA001F8A21 /* Playsound.swift */; };
		BB3036A4247971BB001F8A21 /* فهد الكندري.mp3 in Resources */ = {isa = PBXBuildFile; fileRef = BB30369E247971BA001F8A21 /* فهد الكندري.mp3 */; };
		BB3036A5247971BB001F8A21 /* فهد المطيري.mp3 in Resources */ = {isa = PBXBuildFile; fileRef = BB30369F247971BA001F8A21 /* فهد المطيري.mp3 */; };
		BB3036A6247971BB001F8A21 /* وديع اليمني.mp3 in Resources */ = {isa = PBXBuildFile; fileRef = BB3036A0247971BA001F8A21 /* وديع اليمني.mp3 */; };
		BB3036A7247971BB001F8A21 /* مشاري العفاسي.mp3 in Resources */ = {isa = PBXBuildFile; fileRef = BB3036A1247971BA001F8A21 /* مشاري العفاسي.mp3 */; };
		BB3036A8247971BB001F8A21 /* أحمد النفيس.mp3 in Resources */ = {isa = PBXBuildFile; fileRef = BB3036A2247971BA001F8A21 /* أحمد النفيس.mp3 */; };
		BB3036A9247971BB001F8A21 /* هزاع البلوشي.mp3 in Resources */ = {isa = PBXBuildFile; fileRef = BB3036A3247971BB001F8A21 /* هزاع البلوشي.mp3 */; };
		BB3F5B36247174B1002FAFD0 /* AppDelegate.swift in Sources */ = {isa = PBXBuildFile; fileRef = BB3F5B35247174B1002FAFD0 /* AppDelegate.swift */; };
		BB3F5B38247174B1002FAFD0 /* SceneDelegate.swift in Sources */ = {isa = PBXBuildFile; fileRef = BB3F5B37247174B1002FAFD0 /* SceneDelegate.swift */; };
		BB3F5B3A247174B1002FAFD0 /* ContentView.swift in Sources */ = {isa = PBXBuildFile; fileRef = BB3F5B39247174B1002FAFD0 /* ContentView.swift */; };
		BB3F5B3C247174BC002FAFD0 /* Assets.xcassets in Resources */ = {isa = PBXBuildFile; fileRef = BB3F5B3B247174BC002FAFD0 /* Assets.xcassets */; };
		BB3F5B3F247174BC002FAFD0 /* Preview Assets.xcassets in Resources */ = {isa = PBXBuildFile; fileRef = BB3F5B3E247174BC002FAFD0 /* Preview Assets.xcassets */; };
		BB3F5B42247174BC002FAFD0 /* LaunchScreen.storyboard in Resources */ = {isa = PBXBuildFile; fileRef = BB3F5B40247174BC002FAFD0 /* LaunchScreen.storyboard */; };
/* End PBXBuildFile section */

/* Begin PBXFileReference section */
		BB11D8942472CC8500D7F75A /* Models.swift */ = {isa = PBXFileReference; lastKnownFileType = sourcecode.swift; path = Models.swift; sourceTree = "<group>"; };
		BB3036842478593A001F8A21 /* Sheikh.swift */ = {isa = PBXFileReference; lastKnownFileType = sourcecode.swift; path = Sheikh.swift; sourceTree = "<group>"; };
		BB30369C24787ECA001F8A21 /* Playsound.swift */ = {isa = PBXFileReference; lastKnownFileType = sourcecode.swift; path = Playsound.swift; sourceTree = "<group>"; };
		BB30369E247971BA001F8A21 /* فهد الكندري.mp3 */ = {isa = PBXFileReference; lastKnownFileType = audio.mp3; path = "فهد الكندري.mp3"; sourceTree = "<group>"; };
		BB30369F247971BA001F8A21 /* فهد المطيري.mp3 */ = {isa = PBXFileReference; lastKnownFileType = audio.mp3; path = "فهد المطيري.mp3"; sourceTree = "<group>"; };
		BB3036A0247971BA001F8A21 /* وديع اليمني.mp3 */ = {isa = PBXFileReference; lastKnownFileType = audio.mp3; path = "وديع اليمني.mp3"; sourceTree = "<group>"; };
		BB3036A1247971BA001F8A21 /* مشاري العفاسي.mp3 */ = {isa = PBXFileReference; lastKnownFileType = audio.mp3; path = "مشاري العفاسي.mp3"; sourceTree = "<group>"; };
		BB3036A2247971BA001F8A21 /* أحمد النفيس.mp3 */ = {isa = PBXFileReference; lastKnownFileType = audio.mp3; name = "أحمد النفيس.mp3"; path = "TME/أحمد النفيس.mp3"; sourceTree = "<group>"; };
		BB3036A3247971BB001F8A21 /* هزاع البلوشي.mp3 */ = {isa = PBXFileReference; lastKnownFileType = audio.mp3; path = "هزاع البلوشي.mp3"; sourceTree = "<group>"; };
		BB3F5B32247174B1002FAFD0 /* TME.app */ = {isa = PBXFileReference; explicitFileType = wrapper.application; includeInIndex = 0; path = TME.app; sourceTree = BUILT_PRODUCTS_DIR; };
		BB3F5B35247174B1002FAFD0 /* AppDelegate.swift */ = {isa = PBXFileReference; lastKnownFileType = sourcecode.swift; path = AppDelegate.swift; sourceTree = "<group>"; };
		BB3F5B37247174B1002FAFD0 /* SceneDelegate.swift */ = {isa = PBXFileReference; lastKnownFileType = sourcecode.swift; path = SceneDelegate.swift; sourceTree = "<group>"; };
		BB3F5B39247174B1002FAFD0 /* ContentView.swift */ = {isa = PBXFileReference; lastKnownFileType = sourcecode.swift; path = ContentView.swift; sourceTree = "<group>"; };
		BB3F5B3B247174BC002FAFD0 /* Assets.xcassets */ = {isa = PBXFileReference; lastKnownFileType = folder.assetcatalog; path = Assets.xcassets; sourceTree = "<group>"; };
		BB3F5B3E247174BC002FAFD0 /* Preview Assets.xcassets */ = {isa = PBXFileReference; lastKnownFileType = folder.assetcatalog; path = "Preview Assets.xcassets"; sourceTree = "<group>"; };
		BB3F5B41247174BC002FAFD0 /* Base */ = {isa = PBXFileReference; lastKnownFileType = file.storyboard; name = Base; path = Base.lproj/LaunchScreen.storyboard; sourceTree = "<group>"; };
		BB3F5B43247174BC002FAFD0 /* Info.plist */ = {isa = PBXFileReference; lastKnownFileType = text.plist.xml; path = Info.plist; sourceTree = "<group>"; };
/* End PBXFileReference section */

/* Begin PBXFrameworksBuildPhase section */
		BB3F5B2F247174B1002FAFD0 /* Frameworks */ = {
			isa = PBXFrameworksBuildPhase;
			buildActionMask = 2147483647;
			files = (
			);
			runOnlyForDeploymentPostprocessing = 0;
		};
/* End PBXFrameworksBuildPhase section */

/* Begin PBXGroup section */
		BB11D8932472CC4700D7F75A /* Models */ = {
			isa = PBXGroup;
			children = (
				BB11D8942472CC8500D7F75A /* Models.swift */,
				BB3036842478593A001F8A21 /* Sheikh.swift */,
			);
			path = Models;
			sourceTree = "<group>";
		};
		BB3F5B29247174B1002FAFD0 = {
			isa = PBXGroup;
			children = (
				BB3036A2247971BA001F8A21 /* أحمد النفيس.mp3 */,
				BB30369E247971BA001F8A21 /* فهد الكندري.mp3 */,
				BB30369F247971BA001F8A21 /* فهد المطيري.mp3 */,
				BB3036A1247971BA001F8A21 /* مشاري العفاسي.mp3 */,
				BB3036A3247971BB001F8A21 /* هزاع البلوشي.mp3 */,
				BB3036A0247971BA001F8A21 /* وديع اليمني.mp3 */,
				BB3F5B34247174B1002FAFD0 /* TME */,
				BB3F5B33247174B1002FAFD0 /* Products */,
			);
			sourceTree = "<group>";
		};
		BB3F5B33247174B1002FAFD0 /* Products */ = {
			isa = PBXGroup;
			children = (
				BB3F5B32247174B1002FAFD0 /* TME.app */,
			);
			name = Products;
			sourceTree = "<group>";
		};
		BB3F5B34247174B1002FAFD0 /* TME */ = {
			isa = PBXGroup;
			children = (
				BB11D8932472CC4700D7F75A /* Models */,
				BB3F5B35247174B1002FAFD0 /* AppDelegate.swift */,
				BB3F5B37247174B1002FAFD0 /* SceneDelegate.swift */,
				BB3F5B39247174B1002FAFD0 /* ContentView.swift */,
				BB30369C24787ECA001F8A21 /* Playsound.swift */,
				BB3F5B3B247174BC002FAFD0 /* Assets.xcassets */,
				BB3F5B40247174BC002FAFD0 /* LaunchScreen.storyboard */,
				BB3F5B43247174BC002FAFD0 /* Info.plist */,
				BB3F5B3D247174BC002FAFD0 /* Preview Content */,
			);
			path = TME;
			sourceTree = "<group>";
		};
		BB3F5B3D247174BC002FAFD0 /* Preview Content */ = {
			isa = PBXGroup;
			children = (
				BB3F5B3E247174BC002FAFD0 /* Preview Assets.xcassets */,
			);
			path = "Preview Content";
			sourceTree = "<group>";
		};
/* End PBXGroup section */

/* Begin PBXNativeTarget section */
		BB3F5B31247174B1002FAFD0 /* TME */ = {
			isa = PBXNativeTarget;
			buildConfigurationList = BB3F5B46247174BC002FAFD0 /* Build configuration list for PBXNativeTarget "TME" */;
			buildPhases = (
				BB3F5B2E247174B1002FAFD0 /* Sources */,
				BB3F5B2F247174B1002FAFD0 /* Frameworks */,
				BB3F5B30247174B1002FAFD0 /* Resources */,
			);
			buildRules = (
			);
			dependencies = (
			);
			name = TME;
			productName = TME;
			productReference = BB3F5B32247174B1002FAFD0 /* TME.app */;
			productType = "com.apple.product-type.application";
		};
/* End PBXNativeTarget section */

/* Begin PBXProject section */
		BB3F5B2A247174B1002FAFD0 /* Project object */ = {
			isa = PBXProject;
			attributes = {
				LastSwiftUpdateCheck = 1140;
				LastUpgradeCheck = 1140;
				ORGANIZATIONNAME = EngSrayea;
				TargetAttributes = {
					BB3F5B31247174B1002FAFD0 = {
						CreatedOnToolsVersion = 11.4.1;
					};
				};
			};
			buildConfigurationList = BB3F5B2D247174B1002FAFD0 /* Build configuration list for PBXProject "TME" */;
			compatibilityVersion = "Xcode 9.3";
			developmentRegion = en;
			hasScannedForEncodings = 0;
			knownRegions = (
				en,
				Base,
			);
			mainGroup = BB3F5B29247174B1002FAFD0;
			productRefGroup = BB3F5B33247174B1002FAFD0 /* Products */;
			projectDirPath = "";
			projectRoot = "";
			targets = (
				BB3F5B31247174B1002FAFD0 /* TME */,
			);
		};
/* End PBXProject section */

/* Begin PBXResourcesBuildPhase section */
		BB3F5B30247174B1002FAFD0 /* Resources */ = {
			isa = PBXResourcesBuildPhase;
			buildActionMask = 2147483647;
			files = (
				BB3F5B42247174BC002FAFD0 /* LaunchScreen.storyboard in Resources */,
				BB3036A8247971BB001F8A21 /* أحمد النفيس.mp3 in Resources */,
				BB3036A9247971BB001F8A21 /* هزاع البلوشي.mp3 in Resources */,
				BB3036A6247971BB001F8A21 /* وديع اليمني.mp3 in Resources */,
				BB3F5B3F247174BC002FAFD0 /* Preview Assets.xcassets in Resources */,
				BB3036A7247971BB001F8A21 /* مشاري العفاسي.mp3 in Resources */,
				BB3036A5247971BB001F8A21 /* فهد المطيري.mp3 in Resources */,
				BB3036A4247971BB001F8A21 /* فهد الكندري.mp3 in Resources */,
				BB3F5B3C247174BC002FAFD0 /* Assets.xcassets in Resources */,
			);
			runOnlyForDeploymentPostprocessing = 0;
		};
/* End PBXResourcesBuildPhase section */

/* Begin PBXSourcesBuildPhase section */
		BB3F5B2E247174B1002FAFD0 /* Sources */ = {
			isa = PBXSourcesBuildPhase;
			buildActionMask = 2147483647;
			files = (
				BB3F5B36247174B1002FAFD0 /* AppDelegate.swift in Sources */,
				BB3F5B38247174B1002FAFD0 /* SceneDelegate.swift in Sources */,
				BB3036852478593A001F8A21 /* Sheikh.swift in Sources */,
				BB3F5B3A247174B1002FAFD0 /* ContentView.swift in Sources */,
				BB11D8952472CC8500D7F75A /* Models.swift in Sources */,
				BB30369D24787ECA001F8A21 /* Playsound.swift in Sources */,
			);
			runOnlyForDeploymentPostprocessing = 0;
		};
/* End PBXSourcesBuildPhase section */

/* Begin PBXVariantGroup section */
		BB3F5B40247174BC002FAFD0 /* LaunchScreen.storyboard */ = {
			isa = PBXVariantGroup;
			children = (
				BB3F5B41247174BC002FAFD0 /* Base */,
			);
			name = LaunchScreen.storyboard;
			sourceTree = "<group>";
		};
/* End PBXVariantGroup section */

/* Begin XCBuildConfiguration section */
		BB3F5B44247174BC002FAFD0 /* Debug */ = {
			isa = XCBuildConfiguration;
			buildSettings = {
				ALWAYS_SEARCH_USER_PATHS = NO;
				CLANG_ANALYZER_NONNULL = YES;
				CLANG_ANALYZER_NUMBER_OBJECT_CONVERSION = YES_AGGRESSIVE;
				CLANG_CXX_LANGUAGE_STANDARD = "gnu++14";
				CLANG_CXX_LIBRARY = "libc++";
				CLANG_ENABLE_MODULES = YES;
				CLANG_ENABLE_OBJC_ARC = YES;
				CLANG_ENABLE_OBJC_WEAK = YES;
				CLANG_WARN_BLOCK_CAPTURE_AUTORELEASING = YES;
				CLANG_WARN_BOOL_CONVERSION = YES;
				CLANG_WARN_COMMA = YES;
				CLANG_WARN_CONSTANT_CONVERSION = YES;
				CLANG_WARN_DEPRECATED_OBJC_IMPLEMENTATIONS = YES;
				CLANG_WARN_DIRECT_OBJC_ISA_USAGE = YES_ERROR;
				CLANG_WARN_DOCUMENTATION_COMMENTS = YES;
				CLANG_WARN_EMPTY_BODY = YES;
				CLANG_WARN_ENUM_CONVERSION = YES;
				CLANG_WARN_INFINITE_RECURSION = YES;
				CLANG_WARN_INT_CONVERSION = YES;
				CLANG_WARN_NON_LITERAL_NULL_CONVERSION = YES;
				CLANG_WARN_OBJC_IMPLICIT_RETAIN_SELF = YES;
				CLANG_WARN_OBJC_LITERAL_CONVERSION = YES;
				CLANG_WARN_OBJC_ROOT_CLASS = YES_ERROR;
				CLANG_WARN_RANGE_LOOP_ANALYSIS = YES;
				CLANG_WARN_STRICT_PROTOTYPES = YES;
				CLANG_WARN_SUSPICIOUS_MOVE = YES;
				CLANG_WARN_UNGUARDED_AVAILABILITY = YES_AGGRESSIVE;
				CLANG_WARN_UNREACHABLE_CODE = YES;
				CLANG_WARN__DUPLICATE_METHOD_MATCH = YES;
				COPY_PHASE_STRIP = NO;
				DEBUG_INFORMATION_FORMAT = dwarf;
				ENABLE_STRICT_OBJC_MSGSEND = YES;
				ENABLE_TESTABILITY = YES;
				GCC_C_LANGUAGE_STANDARD = gnu11;
				GCC_DYNAMIC_NO_PIC = NO;
				GCC_NO_COMMON_BLOCKS = YES;
				GCC_OPTIMIZATION_LEVEL = 0;
				GCC_PREPROCESSOR_DEFINITIONS = (
					"DEBUG=1",
					"$(inherited)",
				);
				GCC_WARN_64_TO_32_BIT_CONVERSION = YES;
				GCC_WARN_ABOUT_RETURN_TYPE = YES_ERROR;
				GCC_WARN_UNDECLARED_SELECTOR = YES;
				GCC_WARN_UNINITIALIZED_AUTOS = YES_AGGRESSIVE;
				GCC_WARN_UNUSED_FUNCTION = YES;
				GCC_WARN_UNUSED_VARIABLE = YES;
				IPHONEOS_DEPLOYMENT_TARGET = 13.4;
				MTL_ENABLE_DEBUG_INFO = INCLUDE_SOURCE;
				MTL_FAST_MATH = YES;
				ONLY_ACTIVE_ARCH = YES;
				SDKROOT = iphoneos;
				SWIFT_ACTIVE_COMPILATION_CONDITIONS = DEBUG;
				SWIFT_OPTIMIZATION_LEVEL = "-Onone";
			};
			name = Debug;
		};
		BB3F5B45247174BC002FAFD0 /* Release */ = {
			isa = XCBuildConfiguration;
			buildSettings = {
				ALWAYS_SEARCH_USER_PATHS = NO;
				CLANG_ANALYZER_NONNULL = YES;
				CLANG_ANALYZER_NUMBER_OBJECT_CONVERSION = YES_AGGRESSIVE;
				CLANG_CXX_LANGUAGE_STANDARD = "gnu++14";
				CLANG_CXX_LIBRARY = "libc++";
				CLANG_ENABLE_MODULES = YES;
				CLANG_ENABLE_OBJC_ARC = YES;
				CLANG_ENABLE_OBJC_WEAK = YES;
				CLANG_WARN_BLOCK_CAPTURE_AUTORELEASING = YES;
				CLANG_WARN_BOOL_CONVERSION = YES;
				CLANG_WARN_COMMA = YES;
				CLANG_WARN_CONSTANT_CONVERSION = YES;
				CLANG_WARN_DEPRECATED_OBJC_IMPLEMENTATIONS = YES;
				CLANG_WARN_DIRECT_OBJC_ISA_USAGE = YES_ERROR;
				CLANG_WARN_DOCUMENTATION_COMMENTS = YES;
				CLANG_WARN_EMPTY_BODY = YES;
				CLANG_WARN_ENUM_CONVERSION = YES;
				CLANG_WARN_INFINITE_RECURSION = YES;
				CLANG_WARN_INT_CONVERSION = YES;
				CLANG_WARN_NON_LITERAL_NULL_CONVERSION = YES;
				CLANG_WARN_OBJC_IMPLICIT_RETAIN_SELF = YES;
				CLANG_WARN_OBJC_LITERAL_CONVERSION = YES;
				CLANG_WARN_OBJC_ROOT_CLASS = YES_ERROR;
				CLANG_WARN_RANGE_LOOP_ANALYSIS = YES;
				CLANG_WARN_STRICT_PROTOTYPES = YES;
				CLANG_WARN_SUSPICIOUS_MOVE = YES;
				CLANG_WARN_UNGUARDED_AVAILABILITY = YES_AGGRESSIVE;
				CLANG_WARN_UNREACHABLE_CODE = YES;
				CLANG_WARN__DUPLICATE_METHOD_MATCH = YES;
				COPY_PHASE_STRIP = NO;
				DEBUG_INFORMATION_FORMAT = "dwarf-with-dsym";
				ENABLE_NS_ASSERTIONS = NO;
				ENABLE_STRICT_OBJC_MSGSEND = YES;
				GCC_C_LANGUAGE_STANDARD = gnu11;
				GCC_NO_COMMON_BLOCKS = YES;
				GCC_WARN_64_TO_32_BIT_CONVERSION = YES;
				GCC_WARN_ABOUT_RETURN_TYPE = YES_ERROR;
				GCC_WARN_UNDECLARED_SELECTOR = YES;
				GCC_WARN_UNINITIALIZED_AUTOS = YES_AGGRESSIVE;
				GCC_WARN_UNUSED_FUNCTION = YES;
				GCC_WARN_UNUSED_VARIABLE = YES;
				IPHONEOS_DEPLOYMENT_TARGET = 13.4;
				MTL_ENABLE_DEBUG_INFO = NO;
				MTL_FAST_MATH = YES;
				SDKROOT = iphoneos;
				SWIFT_COMPILATION_MODE = wholemodule;
				SWIFT_OPTIMIZATION_LEVEL = "-O";
				VALIDATE_PRODUCT = YES;
			};
			name = Release;
		};
		BB3F5B47247174BC002FAFD0 /* Debug */ = {
			isa = XCBuildConfiguration;
			buildSettings = {
				ASSETCATALOG_COMPILER_APPICON_NAME = AppIcon;
				CODE_SIGN_STYLE = Automatic;
				DEVELOPMENT_ASSET_PATHS = "\"TME/Preview Content\"";
				DEVELOPMENT_TEAM = R4WCWV874T;
				ENABLE_PREVIEWS = YES;
				INFOPLIST_FILE = TME/Info.plist;
				LD_RUNPATH_SEARCH_PATHS = (
					"$(inherited)",
					"@executable_path/Frameworks",
				);
				PRODUCT_BUNDLE_IDENTIFIER = com.EngSrayea.TME;
				PRODUCT_NAME = "$(TARGET_NAME)";
				SWIFT_VERSION = 5.0;
				TARGETED_DEVICE_FAMILY = "1,2";
			};
			name = Debug;
		};
		BB3F5B48247174BC002FAFD0 /* Release */ = {
			isa = XCBuildConfiguration;
			buildSettings = {
				ASSETCATALOG_COMPILER_APPICON_NAME = AppIcon;
				CODE_SIGN_STYLE = Automatic;
				DEVELOPMENT_ASSET_PATHS = "\"TME/Preview Content\"";
				DEVELOPMENT_TEAM = R4WCWV874T;
				ENABLE_PREVIEWS = YES;
				INFOPLIST_FILE = TME/Info.plist;
				LD_RUNPATH_SEARCH_PATHS = (
					"$(inherited)",
					"@executable_path/Frameworks",
				);
				PRODUCT_BUNDLE_IDENTIFIER = com.EngSrayea.TME;
				PRODUCT_NAME = "$(TARGET_NAME)";
				SWIFT_VERSION = 5.0;
				TARGETED_DEVICE_FAMILY = "1,2";
			};
			name = Release;
		};
/* End XCBuildConfiguration section */

/* Begin XCConfigurationList section */
		BB3F5B2D247174B1002FAFD0 /* Build configuration list for PBXProject "TME" */ = {
			isa = XCConfigurationList;
			buildConfigurations = (
				BB3F5B44247174BC002FAFD0 /* Debug */,
				BB3F5B45247174BC002FAFD0 /* Release */,
			);
			defaultConfigurationIsVisible = 0;
			defaultConfigurationName = Release;
		};
		BB3F5B46247174BC002FAFD0 /* Build configuration list for PBXNativeTarget "TME" */ = {
			isa = XCConfigurationList;
			buildConfigurations = (
				BB3F5B47247174BC002FAFD0 /* Debug */,
				BB3F5B48247174BC002FAFD0 /* Release */,
			);
			defaultConfigurationIsVisible = 0;
			defaultConfigurationName = Release;
		};
/* End XCConfigurationList section */
	};
	rootObject = BB3F5B2A247174B1002FAFD0 /* Project object */;
}
